// !$*UTF8*$!
{
	archiveVersion = 1;
	classes = {
	};
	objectVersion = 46;
	objects = {

/* Begin PBXBuildFile section */
		90E542441963D97900465B64 /* Foundation.framework in Frameworks */ = {isa = PBXBuildFile; fileRef = 90E542431963D97900465B64 /* Foundation.framework */; };
		90E542461963D97900465B64 /* CoreGraphics.framework in Frameworks */ = {isa = PBXBuildFile; fileRef = 90E542451963D97900465B64 /* CoreGraphics.framework */; };
		90E542481963D97900465B64 /* UIKit.framework in Frameworks */ = {isa = PBXBuildFile; fileRef = 90E542471963D97900465B64 /* UIKit.framework */; };
		90E5424E1963D97900465B64 /* InfoPlist.strings in Resources */ = {isa = PBXBuildFile; fileRef = 90E5424C1963D97900465B64 /* InfoPlist.strings */; };
		90E542501963D97900465B64 /* main.m in Sources */ = {isa = PBXBuildFile; fileRef = 90E5424F1963D97900465B64 /* main.m */; };
		90E542541963D97900465B64 /* AppDelegate.m in Sources */ = {isa = PBXBuildFile; fileRef = 90E542531963D97900465B64 /* AppDelegate.m */; };
		90E542571963D97900465B64 /* Main.storyboard in Resources */ = {isa = PBXBuildFile; fileRef = 90E542551963D97900465B64 /* Main.storyboard */; };
		90E5425C1963D97900465B64 /* Images.xcassets in Resources */ = {isa = PBXBuildFile; fileRef = 90E5425B1963D97900465B64 /* Images.xcassets */; };
		90E542631963D97900465B64 /* XCTest.framework in Frameworks */ = {isa = PBXBuildFile; fileRef = 90E542621963D97900465B64 /* XCTest.framework */; };
		90E542641963D97900465B64 /* Foundation.framework in Frameworks */ = {isa = PBXBuildFile; fileRef = 90E542431963D97900465B64 /* Foundation.framework */; };
		90E542651963D97900465B64 /* UIKit.framework in Frameworks */ = {isa = PBXBuildFile; fileRef = 90E542471963D97900465B64 /* UIKit.framework */; };
		90E5426D1963D97900465B64 /* InfoPlist.strings in Resources */ = {isa = PBXBuildFile; fileRef = 90E5426B1963D97900465B64 /* InfoPlist.strings */; };
		90E5426F1963D97900465B64 /* Resume_tutorialTests.m in Sources */ = {isa = PBXBuildFile; fileRef = 90E5426E1963D97900465B64 /* Resume_tutorialTests.m */; };
		90E5427B1963E64700465B64 /* ProfileViewController.m in Sources */ = {isa = PBXBuildFile; fileRef = 90E542591963D97900465B64 /* ProfileViewController.m */; };
/* End PBXBuildFile section */

/* Begin PBXContainerItemProxy section */
		90E542661963D97900465B64 /* PBXContainerItemProxy */ = {
			isa = PBXContainerItemProxy;
			containerPortal = 90E542381963D97900465B64 /* Project object */;
			proxyType = 1;
			remoteGlobalIDString = 90E5423F1963D97900465B64;
			remoteInfo = "Resume-tutorial";
		};
/* End PBXContainerItemProxy section */

/* Begin PBXFileReference section */
		90E542401963D97900465B64 /* Resume-tutorial.app */ = {isa = PBXFileReference; explicitFileType = wrapper.application; includeInIndex = 0; path = "Resume-tutorial.app"; sourceTree = BUILT_PRODUCTS_DIR; };
		90E542431963D97900465B64 /* Foundation.framework */ = {isa = PBXFileReference; lastKnownFileType = wrapper.framework; name = Foundation.framework; path = System/Library/Frameworks/Foundation.framework; sourceTree = SDKROOT; };
		90E542451963D97900465B64 /* CoreGraphics.framework */ = {isa = PBXFileReference; lastKnownFileType = wrapper.framework; name = CoreGraphics.framework; path = System/Library/Frameworks/CoreGraphics.framework; sourceTree = SDKROOT; };
		90E542471963D97900465B64 /* UIKit.framework */ = {isa = PBXFileReference; lastKnownFileType = wrapper.framework; name = UIKit.framework; path = System/Library/Frameworks/UIKit.framework; sourceTree = SDKROOT; };
		90E5424B1963D97900465B64 /* Resume-tutorial-Info.plist */ = {isa = PBXFileReference; lastKnownFileType = text.plist.xml; path = "Resume-tutorial-Info.plist"; sourceTree = "<group>"; };
		90E5424D1963D97900465B64 /* en */ = {isa = PBXFileReference; lastKnownFileType = text.plist.strings; name = en; path = en.lproj/InfoPlist.strings; sourceTree = "<group>"; };
		90E5424F1963D97900465B64 /* main.m */ = {isa = PBXFileReference; lastKnownFileType = sourcecode.c.objc; path = main.m; sourceTree = "<group>"; };
		90E542511963D97900465B64 /* Resume-tutorial-Prefix.pch */ = {isa = PBXFileReference; lastKnownFileType = sourcecode.c.h; path = "Resume-tutorial-Prefix.pch"; sourceTree = "<group>"; };
		90E542521963D97900465B64 /* AppDelegate.h */ = {isa = PBXFileReference; lastKnownFileType = sourcecode.c.h; path = AppDelegate.h; sourceTree = "<group>"; };
		90E542531963D97900465B64 /* AppDelegate.m */ = {isa = PBXFileReference; lastKnownFileType = sourcecode.c.objc; path = AppDelegate.m; sourceTree = "<group>"; };
		90E542561963D97900465B64 /* Base */ = {isa = PBXFileReference; lastKnownFileType = file.storyboard; name = Base; path = Base.lproj/Main.storyboard; sourceTree = "<group>"; };
		90E542581963D97900465B64 /* ProfileViewController.h */ = {isa = PBXFileReference; lastKnownFileType = sourcecode.c.h; path = ProfileViewController.h; sourceTree = "<group>"; };
		90E542591963D97900465B64 /* ProfileViewController.m */ = {isa = PBXFileReference; lastKnownFileType = sourcecode.c.objc; path = ProfileViewController.m; sourceTree = "<group>"; };
		90E5425B1963D97900465B64 /* Images.xcassets */ = {isa = PBXFileReference; lastKnownFileType = folder.assetcatalog; path = Images.xcassets; sourceTree = "<group>"; };
		90E542611963D97900465B64 /* Resume-tutorialTests.xctest */ = {isa = PBXFileReference; explicitFileType = wrapper.cfbundle; includeInIndex = 0; path = "Resume-tutorialTests.xctest"; sourceTree = BUILT_PRODUCTS_DIR; };
		90E542621963D97900465B64 /* XCTest.framework */ = {isa = PBXFileReference; lastKnownFileType = wrapper.framework; name = XCTest.framework; path = Library/Frameworks/XCTest.framework; sourceTree = DEVELOPER_DIR; };
		90E5426A1963D97900465B64 /* Resume-tutorialTests-Info.plist */ = {isa = PBXFileReference; lastKnownFileType = text.plist.xml; path = "Resume-tutorialTests-Info.plist"; sourceTree = "<group>"; };
		90E5426C1963D97900465B64 /* en */ = {isa = PBXFileReference; lastKnownFileType = text.plist.strings; name = en; path = en.lproj/InfoPlist.strings; sourceTree = "<group>"; };
		90E5426E1963D97900465B64 /* Resume_tutorialTests.m */ = {isa = PBXFileReference; lastKnownFileType = sourcecode.c.objc; path = Resume_tutorialTests.m; sourceTree = "<group>"; };
/* End PBXFileReference section */

/* Begin PBXFrameworksBuildPhase section */
		90E5423D1963D97900465B64 /* Frameworks */ = {
			isa = PBXFrameworksBuildPhase;
			buildActionMask = 2147483647;
			files = (
				90E542461963D97900465B64 /* CoreGraphics.framework in Frameworks */,
				90E542481963D97900465B64 /* UIKit.framework in Frameworks */,
				90E542441963D97900465B64 /* Foundation.framework in Frameworks */,
			);
			runOnlyForDeploymentPostprocessing = 0;
		};
		90E5425E1963D97900465B64 /* Frameworks */ = {
			isa = PBXFrameworksBuildPhase;
			buildActionMask = 2147483647;
			files = (
				90E542631963D97900465B64 /* XCTest.framework in Frameworks */,
				90E542651963D97900465B64 /* UIKit.framework in Frameworks */,
				90E542641963D97900465B64 /* Foundation.framework in Frameworks */,
			);
			runOnlyForDeploymentPostprocessing = 0;
		};
/* End PBXFrameworksBuildPhase section */

/* Begin PBXGroup section */
		90E542371963D97900465B64 = {
			isa = PBXGroup;
			children = (
				90E542491963D97900465B64 /* Resume-tutorial */,
				90E542681963D97900465B64 /* Resume-tutorialTests */,
				90E542421963D97900465B64 /* Frameworks */,
				90E542411963D97900465B64 /* Products */,
			);
			sourceTree = "<group>";
		};
		90E542411963D97900465B64 /* Products */ = {
			isa = PBXGroup;
			children = (
				90E542401963D97900465B64 /* Resume-tutorial.app */,
				90E542611963D97900465B64 /* Resume-tutorialTests.xctest */,
			);
			name = Products;
			sourceTree = "<group>";
		};
		90E542421963D97900465B64 /* Frameworks */ = {
			isa = PBXGroup;
			children = (
				90E542431963D97900465B64 /* Foundation.framework */,
				90E542451963D97900465B64 /* CoreGraphics.framework */,
				90E542471963D97900465B64 /* UIKit.framework */,
				90E542621963D97900465B64 /* XCTest.framework */,
			);
			name = Frameworks;
			sourceTree = "<group>";
		};
		90E542491963D97900465B64 /* Resume-tutorial */ = {
			isa = PBXGroup;
			children = (
				90E5427A1963E4B400465B64 /* Views */,
				90E542791963E4AD00465B64 /* Models */,
				90E542521963D97900465B64 /* AppDelegate.h */,
				90E542531963D97900465B64 /* AppDelegate.m */,
				90E542551963D97900465B64 /* Main.storyboard */,
				90E542781963E4A500465B64 /* View Controllers */,
				90E5425B1963D97900465B64 /* Images.xcassets */,
				90E5424A1963D97900465B64 /* Supporting Files */,
			);
			path = "Resume-tutorial";
			sourceTree = "<group>";
		};
		90E5424A1963D97900465B64 /* Supporting Files */ = {
			isa = PBXGroup;
			children = (
				90E5424B1963D97900465B64 /* Resume-tutorial-Info.plist */,
				90E5424C1963D97900465B64 /* InfoPlist.strings */,
				90E5424F1963D97900465B64 /* main.m */,
				90E542511963D97900465B64 /* Resume-tutorial-Prefix.pch */,
			);
			name = "Supporting Files";
			sourceTree = "<group>";
		};
		90E542681963D97900465B64 /* Resume-tutorialTests */ = {
			isa = PBXGroup;
			children = (
				90E5426E1963D97900465B64 /* Resume_tutorialTests.m */,
				90E542691963D97900465B64 /* Supporting Files */,
			);
			path = "Resume-tutorialTests";
			sourceTree = "<group>";
		};
		90E542691963D97900465B64 /* Supporting Files */ = {
			isa = PBXGroup;
			children = (
				90E5426A1963D97900465B64 /* Resume-tutorialTests-Info.plist */,
				90E5426B1963D97900465B64 /* InfoPlist.strings */,
			);
			name = "Supporting Files";
			sourceTree = "<group>";
		};
		90E542781963E4A500465B64 /* View Controllers */ = {
			isa = PBXGroup;
			children = (
				90E542581963D97900465B64 /* ProfileViewController.h */,
				90E542591963D97900465B64 /* ProfileViewController.m */,
			);
			name = "View Controllers";
			sourceTree = "<group>";
		};
		90E542791963E4AD00465B64 /* Models */ = {
			isa = PBXGroup;
			children = (
			);
			name = Models;
			sourceTree = "<group>";
		};
		90E5427A1963E4B400465B64 /* Views */ = {
			isa = PBXGroup;
			children = (
			);
			name = Views;
			sourceTree = "<group>";
		};
/* End PBXGroup section */

/* Begin PBXNativeTarget section */
		90E5423F1963D97900465B64 /* Resume-tutorial */ = {
			isa = PBXNativeTarget;
			buildConfigurationList = 90E542721963D97900465B64 /* Build configuration list for PBXNativeTarget "Resume-tutorial" */;
			buildPhases = (
				90E5423C1963D97900465B64 /* Sources */,
				90E5423D1963D97900465B64 /* Frameworks */,
				90E5423E1963D97900465B64 /* Resources */,
			);
			buildRules = (
			);
			dependencies = (
			);
			name = "Resume-tutorial";
			productName = "Resume-tutorial";
			productReference = 90E542401963D97900465B64 /* Resume-tutorial.app */;
			productType = "com.apple.product-type.application";
		};
		90E542601963D97900465B64 /* Resume-tutorialTests */ = {
			isa = PBXNativeTarget;
			buildConfigurationList = 90E542751963D97900465B64 /* Build configuration list for PBXNativeTarget "Resume-tutorialTests" */;
			buildPhases = (
				90E5425D1963D97900465B64 /* Sources */,
				90E5425E1963D97900465B64 /* Frameworks */,
				90E5425F1963D97900465B64 /* Resources */,
			);
			buildRules = (
			);
			dependencies = (
				90E542671963D97900465B64 /* PBXTargetDependency */,
			);
			name = "Resume-tutorialTests";
			productName = "Resume-tutorialTests";
			productReference = 90E542611963D97900465B64 /* Resume-tutorialTests.xctest */;
			productType = "com.apple.product-type.bundle.unit-test";
		};
/* End PBXNativeTarget section */

/* Begin PBXProject section */
		90E542381963D97900465B64 /* Project object */ = {
			isa = PBXProject;
			attributes = {
				LastUpgradeCheck = 0510;
				ORGANIZATIONNAME = projects;
				TargetAttributes = {
					90E542601963D97900465B64 = {
						TestTargetID = 90E5423F1963D97900465B64;
					};
				};
			};
			buildConfigurationList = 90E5423B1963D97900465B64 /* Build configuration list for PBXProject "Resume-tutorial" */;
			compatibilityVersion = "Xcode 3.2";
			developmentRegion = English;
			hasScannedForEncodings = 0;
			knownRegions = (
				en,
				Base,
			);
			mainGroup = 90E542371963D97900465B64;
			productRefGroup = 90E542411963D97900465B64 /* Products */;
			projectDirPath = "";
			projectRoot = "";
			targets = (
				90E5423F1963D97900465B64 /* Resume-tutorial */,
				90E542601963D97900465B64 /* Resume-tutorialTests */,
			);
		};
/* End PBXProject section */

/* Begin PBXResourcesBuildPhase section */
		90E5423E1963D97900465B64 /* Resources */ = {
			isa = PBXResourcesBuildPhase;
			buildActionMask = 2147483647;
			files = (
				90E5425C1963D97900465B64 /* Images.xcassets in Resources */,
				90E5424E1963D97900465B64 /* InfoPlist.strings in Resources */,
				90E542571963D97900465B64 /* Main.storyboard in Resources */,
			);
			runOnlyForDeploymentPostprocessing = 0;
		};
		90E5425F1963D97900465B64 /* Resources */ = {
			isa = PBXResourcesBuildPhase;
			buildActionMask = 2147483647;
			files = (
				90E5426D1963D97900465B64 /* InfoPlist.strings in Resources */,
			);
			runOnlyForDeploymentPostprocessing = 0;
		};
/* End PBXResourcesBuildPhase section */

/* Begin PBXSourcesBuildPhase section */
		90E5423C1963D97900465B64 /* Sources */ = {
			isa = PBXSourcesBuildPhase;
			buildActionMask = 2147483647;
			files = (
				90E5427B1963E64700465B64 /* ProfileViewController.m in Sources */,
				90E542541963D97900465B64 /* AppDelegate.m in Sources */,
				90E542501963D97900465B64 /* main.m in Sources */,
			);
			runOnlyForDeploymentPostprocessing = 0;
		};
		90E5425D1963D97900465B64 /* Sources */ = {
			isa = PBXSourcesBuildPhase;
			buildActionMask = 2147483647;
			files = (
				90E5426F1963D97900465B64 /* Resume_tutorialTests.m in Sources */,
			);
			runOnlyForDeploymentPostprocessing = 0;
		};
/* End PBXSourcesBuildPhase section */

/* Begin PBXTargetDependency section */
		90E542671963D97900465B64 /* PBXTargetDependency */ = {
			isa = PBXTargetDependency;
			target = 90E5423F1963D97900465B64 /* Resume-tutorial */;
			targetProxy = 90E542661963D97900465B64 /* PBXContainerItemProxy */;
		};
/* End PBXTargetDependency section */

/* Begin PBXVariantGroup section */
		90E5424C1963D97900465B64 /* InfoPlist.strings */ = {
			isa = PBXVariantGroup;
			children = (
				90E5424D1963D97900465B64 /* en */,
			);
			name = InfoPlist.strings;
			sourceTree = "<group>";
		};
		90E542551963D97900465B64 /* Main.storyboard */ = {
			isa = PBXVariantGroup;
			children = (
				90E542561963D97900465B64 /* Base */,
			);
			name = Main.storyboard;
			sourceTree = "<group>";
		};
		90E5426B1963D97900465B64 /* InfoPlist.strings */ = {
			isa = PBXVariantGroup;
			children = (
				90E5426C1963D97900465B64 /* en */,
			);
			name = InfoPlist.strings;
			sourceTree = "<group>";
		};
/* End PBXVariantGroup section */

/* Begin XCBuildConfiguration section */
		90E542701963D97900465B64 /* Debug */ = {
			isa = XCBuildConfiguration;
			buildSettings = {
				ALWAYS_SEARCH_USER_PATHS = NO;
				CLANG_CXX_LANGUAGE_STANDARD = "gnu++0x";
				CLANG_CXX_LIBRARY = "libc++";
				CLANG_ENABLE_MODULES = YES;
				CLANG_ENABLE_OBJC_ARC = YES;
				CLANG_WARN_BOOL_CONVERSION = YES;
				CLANG_WARN_CONSTANT_CONVERSION = YES;
				CLANG_WARN_DIRECT_OBJC_ISA_USAGE = YES_ERROR;
				CLANG_WARN_EMPTY_BODY = YES;
				CLANG_WARN_ENUM_CONVERSION = YES;
				CLANG_WARN_INT_CONVERSION = YES;
				CLANG_WARN_OBJC_ROOT_CLASS = YES_ERROR;
				CLANG_WARN__DUPLICATE_METHOD_MATCH = YES;
				"CODE_SIGN_IDENTITY[sdk=iphoneos*]" = "iPhone Developer";
				COPY_PHASE_STRIP = NO;
				GCC_C_LANGUAGE_STANDARD = gnu99;
				GCC_DYNAMIC_NO_PIC = NO;
				GCC_OPTIMIZATION_LEVEL = 0;
				GCC_PREPROCESSOR_DEFINITIONS = (
					"DEBUG=1",
					"$(inherited)",
				);
				GCC_SYMBOLS_PRIVATE_EXTERN = NO;
				GCC_WARN_64_TO_32_BIT_CONVERSION = YES;
				GCC_WARN_ABOUT_RETURN_TYPE = YES_ERROR;
				GCC_WARN_UNDECLARED_SELECTOR = YES;
				GCC_WARN_UNINITIALIZED_AUTOS = YES_AGGRESSIVE;
				GCC_WARN_UNUSED_FUNCTION = YES;
				GCC_WARN_UNUSED_VARIABLE = YES;
				IPHONEOS_DEPLOYMENT_TARGET = 7.1;
				ONLY_ACTIVE_ARCH = YES;
				SDKROOT = iphoneos;
			};
			name = Debug;
		};
		90E542711963D97900465B64 /* Release */ = {
			isa = XCBuildConfiguration;
			buildSettings = {
				ALWAYS_SEARCH_USER_PATHS = NO;
				CLANG_CXX_LANGUAGE_STANDARD = "gnu++0x";
				CLANG_CXX_LIBRARY = "libc++";
				CLANG_ENABLE_MODULES = YES;
				CLANG_ENABLE_OBJC_ARC = YES;
				CLANG_WARN_BOOL_CONVERSION = YES;
				CLANG_WARN_CONSTANT_CONVERSION = YES;
				CLANG_WARN_DIRECT_OBJC_ISA_USAGE = YES_ERROR;
				CLANG_WARN_EMPTY_BODY = YES;
				CLANG_WARN_ENUM_CONVERSION = YES;
				CLANG_WARN_INT_CONVERSION = YES;
				CLANG_WARN_OBJC_ROOT_CLASS = YES_ERROR;
				CLANG_WARN__DUPLICATE_METHOD_MATCH = YES;
				"CODE_SIGN_IDENTITY[sdk=iphoneos*]" = "iPhone Developer";
				COPY_PHASE_STRIP = YES;
				ENABLE_NS_ASSERTIONS = NO;
				GCC_C_LANGUAGE_STANDARD = gnu99;
				GCC_WARN_64_TO_32_BIT_CONVERSION = YES;
				GCC_WARN_ABOUT_RETURN_TYPE = YES_ERROR;
				GCC_WARN_UNDECLARED_SELECTOR = YES;
				GCC_WARN_UNINITIALIZED_AUTOS = YES_AGGRESSIVE;
				GCC_WARN_UNUSED_FUNCTION = YES;
				GCC_WARN_UNUSED_VARIABLE = YES;
				IPHONEOS_DEPLOYMENT_TARGET = 7.1;
				SDKROOT = iphoneos;
				VALIDATE_PRODUCT = YES;
			};
			name = Release;
		};
		90E542731963D97900465B64 /* Debug */ = {
			isa = XCBuildConfiguration;
			buildSettings = {
				ASSETCATALOG_COMPILER_APPICON_NAME = AppIcon;
				ASSETCATALOG_COMPILER_LAUNCHIMAGE_NAME = LaunchImage;
				GCC_PRECOMPILE_PREFIX_HEADER = YES;
				GCC_PREFIX_HEADER = "Resume-tutorial/Resume-tutorial-Prefix.pch";
				INFOPLIST_FILE = "Resume-tutorial/Resume-tutorial-Info.plist";
				PRODUCT_NAME = "$(TARGET_NAME)";
				WRAPPER_EXTENSION = app;
			};
			name = Debug;
		};
		90E542741963D97900465B64 /* Release */ = {
			isa = XCBuildConfiguration;
			buildSettings = {
				ASSETCATALOG_COMPILER_APPICON_NAME = AppIcon;
				ASSETCATALOG_COMPILER_LAUNCHIMAGE_NAME = LaunchImage;
				GCC_PRECOMPILE_PREFIX_HEADER = YES;
				GCC_PREFIX_HEADER = "Resume-tutorial/Resume-tutorial-Prefix.pch";
				INFOPLIST_FILE = "Resume-tutorial/Resume-tutorial-Info.plist";
				PRODUCT_NAME = "$(TARGET_NAME)";
				WRAPPER_EXTENSION = app;
			};
			name = Release;
		};
		90E542761963D97900465B64 /* Debug */ = {
			isa = XCBuildConfiguration;
			buildSettings = {
				BUNDLE_LOADER = "$(BUILT_PRODUCTS_DIR)/Resume-tutorial.app/Resume-tutorial";
				FRAMEWORK_SEARCH_PATHS = (
					"$(SDKROOT)/Developer/Library/Frameworks",
					"$(inherited)",
					"$(DEVELOPER_FRAMEWORKS_DIR)",
				);
				GCC_PRECOMPILE_PREFIX_HEADER = YES;
				GCC_PREFIX_HEADER = "Resume-tutorial/Resume-tutorial-Prefix.pch";
				GCC_PREPROCESSOR_DEFINITIONS = (
					"DEBUG=1",
					"$(inherited)",
				);
				INFOPLIST_FILE = "Resume-tutorialTests/Resume-tutorialTests-Info.plist";
				PRODUCT_NAME = "$(TARGET_NAME)";
				TEST_HOST = "$(BUNDLE_LOADER)";
				WRAPPER_EXTENSION = xctest;
			};
			name = Debug;
		};
		90E542771963D97900465B64 /* Release */ = {
			isa = XCBuildConfiguration;
			buildSettings = {
				BUNDLE_LOADER = "$(BUILT_PRODUCTS_DIR)/Resume-tutorial.app/Resume-tutorial";
				FRAMEWORK_SEARCH_PATHS = (
					"$(SDKROOT)/Developer/Library/Frameworks",
					"$(inherited)",
					"$(DEVELOPER_FRAMEWORKS_DIR)",
				);
				GCC_PRECOMPILE_PREFIX_HEADER = YES;
				GCC_PREFIX_HEADER = "Resume-tutorial/Resume-tutorial-Prefix.pch";
				INFOPLIST_FILE = "Resume-tutorialTests/Resume-tutorialTests-Info.plist";
				PRODUCT_NAME = "$(TARGET_NAME)";
				TEST_HOST = "$(BUNDLE_LOADER)";
				WRAPPER_EXTENSION = xctest;
			};
			name = Release;
		};
/* End XCBuildConfiguration section */

/* Begin XCConfigurationList section */
		90E5423B1963D97900465B64 /* Build configuration list for PBXProject "Resume-tutorial" */ = {
			isa = XCConfigurationList;
			buildConfigurations = (
				90E542701963D97900465B64 /* Debug */,
				90E542711963D97900465B64 /* Release */,
			);
			defaultConfigurationIsVisible = 0;
			defaultConfigurationName = Release;
		};
		90E542721963D97900465B64 /* Build configuration list for PBXNativeTarget "Resume-tutorial" */ = {
			isa = XCConfigurationList;
			buildConfigurations = (
				90E542731963D97900465B64 /* Debug */,
				90E542741963D97900465B64 /* Release */,
			);
			defaultConfigurationIsVisible = 0;
		};
		90E542751963D97900465B64 /* Build configuration list for PBXNativeTarget "Resume-tutorialTests" */ = {
			isa = XCConfigurationList;
			buildConfigurations = (
				90E542761963D97900465B64 /* Debug */,
				90E542771963D97900465B64 /* Release */,
			);
			defaultConfigurationIsVisible = 0;
		};
/* End XCConfigurationList section */
	};
	rootObject = 90E542381963D97900465B64 /* Project object */;
}
